
Microsoft Visual Studio Solution File, Format Version 12.00
# Visual Studio 2012
Project("{FAE04EC0-301F-11D3-BF4B-00C04F79EFBC}") = "ToDo_iOS", "ToDo_iOS\ToDo_iOS.csproj", "{6508714C-B299-41FB-BF4B-0D88C0215B3A}"
EndProject
Global
	GlobalSection(SolutionConfigurationPlatforms) = preSolution
		Debug|iPhoneSimulator = Debug|iPhoneSimulator
		Release|iPhone = Release|iPhone
		Release|iPhoneSimulator = Release|iPhoneSimulator
		Debug|iPhone = Debug|iPhone
	EndGlobalSection
	GlobalSection(ProjectConfigurationPlatforms) = postSolution
		{6508714C-B299-41FB-BF4B-0D88C0215B3A}.Debug|iPhoneSimulator.ActiveCfg = Debug|iPhoneSimulator
		{6508714C-B299-41FB-BF4B-0D88C0215B3A}.Debug|iPhoneSimulator.Build.0 = Debug|iPhoneSimulator
		{6508714C-B299-41FB-BF4B-0D88C0215B3A}.Release|iPhone.ActiveCfg = Release|iPhone
		{6508714C-B299-41FB-BF4B-0D88C0215B3A}.Release|iPhone.Build.0 = Release|iPhone
		{6508714C-B299-41FB-BF4B-0D88C0215B3A}.Release|iPhoneSimulator.ActiveCfg = Release|iPhoneSimulator
		{6508714C-B299-41FB-BF4B-0D88C0215B3A}.Release|iPhoneSimulator.Build.0 = Release|iPhoneSimulator
		{6508714C-B299-41FB-BF4B-0D88C0215B3A}.Debug|iPhone.ActiveCfg = Debug|iPhone
		{6508714C-B299-41FB-BF4B-0D88C0215B3A}.Debug|iPhone.Build.0 = Debug|iPhone
	EndGlobalSection
EndGlobal
